{
  "object": {
    "pins": [
      {
        "package": "SDWebImage",
        "repositoryURL": "https://github.com/SDWebImage/SDWebImage.git",
        "state": {
          "branch": "master",
          "revision": "a41be90abd89b125cd7588f20b9788108254091a",
          "version": null
        }
      },
      {
        "package": "SDWebImageSwiftUI",
        "repositoryURL": "https://github.com/SDWebImage/SDWebImageSwiftUI.git",
        "state": {
          "branch": "master",
          "revision": "79961a5ac3ea7a3253ff643291ff3c158777029c",
          "version": null
        }
      }
    ]
  },
  "version": 1
}
